
Microsoft Visual Studio Solution File, Format Version 12.00
# Visual Studio Version 16
VisualStudioVersion = 16.0.29920.165
MinimumVisualStudioVersion = 10.0.40219.1
Project("{FAE04EC0-301F-11D3-BF4B-00C04F79EFBC}") = "cabInvoiceGenerator", "cabInvoiceGenerator\cabInvoiceGenerator.csproj", "{443AD17E-6125-4492-8613-FE1D39D8B802}"
EndProject
Project("{FAE04EC0-301F-11D3-BF4B-00C04F79EFBC}") = "cabInvoiceGeneratorTest", "cabInvoiceGeneratorTest\cabInvoiceGeneratorTest.csproj", "{129B0BA3-64D3-44A4-BF6A-313F0C7E333B}"
EndProject
Global
	GlobalSection(SolutionConfigurationPlatforms) = preSolution
		Debug|Any CPU = Debug|Any CPU
		Release|Any CPU = Release|Any CPU
	EndGlobalSection
	GlobalSection(ProjectConfigurationPlatforms) = postSolution
		{443AD17E-6125-4492-8613-FE1D39D8B802}.Debug|Any CPU.ActiveCfg = Debug|Any CPU
		{443AD17E-6125-4492-8613-FE1D39D8B802}.Debug|Any CPU.Build.0 = Debug|Any CPU
		{443AD17E-6125-4492-8613-FE1D39D8B802}.Release|Any CPU.ActiveCfg = Release|Any CPU
		{443AD17E-6125-4492-8613-FE1D39D8B802}.Release|Any CPU.Build.0 = Release|Any CPU
		{129B0BA3-64D3-44A4-BF6A-313F0C7E333B}.Debug|Any CPU.ActiveCfg = Debug|Any CPU
		{129B0BA3-64D3-44A4-BF6A-313F0C7E333B}.Debug|Any CPU.Build.0 = Debug|Any CPU
		{129B0BA3-64D3-44A4-BF6A-313F0C7E333B}.Release|Any CPU.ActiveCfg = Release|Any CPU
		{129B0BA3-64D3-44A4-BF6A-313F0C7E333B}.Release|Any CPU.Build.0 = Release|Any CPU
	EndGlobalSection
	GlobalSection(SolutionProperties) = preSolution
		HideSolutionNode = FALSE
	EndGlobalSection
	GlobalSection(ExtensibilityGlobals) = postSolution
		SolutionGuid = {F4C4F9C2-0F91-4068-95E7-C8975304AA2C}
	EndGlobalSection
EndGlobal
